// !$*UTF8*$!
{
	archiveVersion = 1;
	classes = {
	};
	objectVersion = 46;
	objects = {

/* Begin PBXBuildFile section */
		29ADC9991DF554E40097F237 /* AppDelegate.swift in Sources */ = {isa = PBXBuildFile; fileRef = 29ADC9981DF554E40097F237 /* AppDelegate.swift */; };
		29ADC99B1DF554E40097F237 /* ViewController.swift in Sources */ = {isa = PBXBuildFile; fileRef = 29ADC99A1DF554E40097F237 /* ViewController.swift */; };
		29ADC99E1DF554E40097F237 /* Main.storyboard in Resources */ = {isa = PBXBuildFile; fileRef = 29ADC99C1DF554E40097F237 /* Main.storyboard */; };
		29ADC9A01DF554E40097F237 /* Assets.xcassets in Resources */ = {isa = PBXBuildFile; fileRef = 29ADC99F1DF554E40097F237 /* Assets.xcassets */; };
		29ADC9A31DF554E40097F237 /* LaunchScreen.storyboard in Resources */ = {isa = PBXBuildFile; fileRef = 29ADC9A11DF554E40097F237 /* LaunchScreen.storyboard */; };
		29ADC9AD1DF56A650097F237 /* BHMarkStarView.swift in Sources */ = {isa = PBXBuildFile; fileRef = 29ADC9AC1DF56A650097F237 /* BHMarkStarView.swift */; };
/* End PBXBuildFile section */

/* Begin PBXFileReference section */
		29ADC9951DF554E40097F237 /* SwiftMarkStartDemo.app */ = {isa = PBXFileReference; explicitFileType = wrapper.application; includeInIndex = 0; path = SwiftMarkStartDemo.app; sourceTree = BUILT_PRODUCTS_DIR; };
		29ADC9981DF554E40097F237 /* AppDelegate.swift */ = {isa = PBXFileReference; lastKnownFileType = sourcecode.swift; path = AppDelegate.swift; sourceTree = "<group>"; };
		29ADC99A1DF554E40097F237 /* ViewController.swift */ = {isa = PBXFileReference; lastKnownFileType = sourcecode.swift; path = ViewController.swift; sourceTree = "<group>"; };
		29ADC99D1DF554E40097F237 /* Base */ = {isa = PBXFileReference; lastKnownFileType = file.storyboard; name = Base; path = Base.lproj/Main.storyboard; sourceTree = "<group>"; };
		29ADC99F1DF554E40097F237 /* Assets.xcassets */ = {isa = PBXFileReference; lastKnownFileType = folder.assetcatalog; path = Assets.xcassets; sourceTree = "<group>"; };
		29ADC9A21DF554E40097F237 /* Base */ = {isa = PBXFileReference; lastKnownFileType = file.storyboard; name = Base; path = Base.lproj/LaunchScreen.storyboard; sourceTree = "<group>"; };
		29ADC9A41DF554E40097F237 /* Info.plist */ = {isa = PBXFileReference; lastKnownFileType = text.plist.xml; path = Info.plist; sourceTree = "<group>"; };
		29ADC9AC1DF56A650097F237 /* BHMarkStarView.swift */ = {isa = PBXFileReference; fileEncoding = 4; lastKnownFileType = sourcecode.swift; name = BHMarkStarView.swift; path = ../BHMarkStarView.swift; sourceTree = "<group>"; };
/* End PBXFileReference section */

/* Begin PBXFrameworksBuildPhase section */
		29ADC9921DF554E40097F237 /* Frameworks */ = {
			isa = PBXFrameworksBuildPhase;
			buildActionMask = 2147483647;
			files = (
			);
			runOnlyForDeploymentPostprocessing = 0;
		};
/* End PBXFrameworksBuildPhase section */

/* Begin PBXGroup section */
		29ADC98C1DF554E40097F237 = {
			isa = PBXGroup;
			children = (
				29ADC9971DF554E40097F237 /* SwiftMarkStartDemo */,
				29ADC9961DF554E40097F237 /* Products */,
			);
			sourceTree = "<group>";
		};
		29ADC9961DF554E40097F237 /* Products */ = {
			isa = PBXGroup;
			children = (
				29ADC9951DF554E40097F237 /* SwiftMarkStartDemo.app */,
			);
			name = Products;
			sourceTree = "<group>";
		};
		29ADC9971DF554E40097F237 /* SwiftMarkStartDemo */ = {
			isa = PBXGroup;
			children = (
				29ADC9981DF554E40097F237 /* AppDelegate.swift */,
				29ADC99A1DF554E40097F237 /* ViewController.swift */,
				29ADC99C1DF554E40097F237 /* Main.storyboard */,
				29ADC99F1DF554E40097F237 /* Assets.xcassets */,
				29ADC9A11DF554E40097F237 /* LaunchScreen.storyboard */,
				29ADC9A41DF554E40097F237 /* Info.plist */,
				29ADC9AC1DF56A650097F237 /* BHMarkStarView.swift */,
			);
			path = SwiftMarkStartDemo;
			sourceTree = "<group>";
		};
/* End PBXGroup section */

/* Begin PBXNativeTarget section */
		29ADC9941DF554E40097F237 /* SwiftMarkStartDemo */ = {
			isa = PBXNativeTarget;
			buildConfigurationList = 29ADC9A71DF554E40097F237 /* Build configuration list for PBXNativeTarget "SwiftMarkStartDemo" */;
			buildPhases = (
				29ADC9911DF554E40097F237 /* Sources */,
				29ADC9921DF554E40097F237 /* Frameworks */,
				29ADC9931DF554E40097F237 /* Resources */,
			);
			buildRules = (
			);
			dependencies = (
			);
			name = SwiftMarkStartDemo;
			productName = SwiftMarkStartDemo;
			productReference = 29ADC9951DF554E40097F237 /* SwiftMarkStartDemo.app */;
			productType = "com.apple.product-type.application";
		};
/* End PBXNativeTarget section */

/* Begin PBXProject section */
		29ADC98D1DF554E40097F237 /* Project object */ = {
			isa = PBXProject;
			attributes = {
				LastSwiftUpdateCheck = 0810;
				LastUpgradeCheck = 0810;
				ORGANIZATIONNAME = healthmanager;
				TargetAttributes = {
					29ADC9941DF554E40097F237 = {
						CreatedOnToolsVersion = 8.1;
						ProvisioningStyle = Automatic;
					};
				};
			};
			buildConfigurationList = 29ADC9901DF554E40097F237 /* Build configuration list for PBXProject "SwiftMarkStartDemo" */;
			compatibilityVersion = "Xcode 3.2";
			developmentRegion = English;
			hasScannedForEncodings = 0;
			knownRegions = (
				en,
				Base,
			);
			mainGroup = 29ADC98C1DF554E40097F237;
			productRefGroup = 29ADC9961DF554E40097F237 /* Products */;
			projectDirPath = "";
			projectRoot = "";
			targets = (
				29ADC9941DF554E40097F237 /* SwiftMarkStartDemo */,
			);
		};
/* End PBXProject section */

/* Begin PBXResourcesBuildPhase section */
		29ADC9931DF554E40097F237 /* Resources */ = {
			isa = PBXResourcesBuildPhase;
			buildActionMask = 2147483647;
			files = (
				29ADC9A31DF554E40097F237 /* LaunchScreen.storyboard in Resources */,
				29ADC9A01DF554E40097F237 /* Assets.xcassets in Resources */,
				29ADC99E1DF554E40097F237 /* Main.storyboard in Resources */,
			);
			runOnlyForDeploymentPostprocessing = 0;
		};
/* End PBXResourcesBuildPhase section */

/* Begin PBXSourcesBuildPhase section */
		29ADC9911DF554E40097F237 /* Sources */ = {
			isa = PBXSourcesBuildPhase;
			buildActionMask = 2147483647;
			files = (
				29ADC99B1DF554E40097F237 /* ViewController.swift in Sources */,
				29ADC9991DF554E40097F237 /* AppDelegate.swift in Sources */,
				29ADC9AD1DF56A650097F237 /* BHMarkStarView.swift in Sources */,
			);
			runOnlyForDeploymentPostprocessing = 0;
		};
/* End PBXSourcesBuildPhase section */

/* Begin PBXVariantGroup section */
		29ADC99C1DF554E40097F237 /* Main.storyboard */ = {
			isa = PBXVariantGroup;
			children = (
				29ADC99D1DF554E40097F237 /* Base */,
			);
			name = Main.storyboard;
			sourceTree = "<group>";
		};
		29ADC9A11DF554E40097F237 /* LaunchScreen.storyboard */ = {
			isa = PBXVariantGroup;
			children = (
				29ADC9A21DF554E40097F237 /* Base */,
			);
			name = LaunchScreen.storyboard;
			sourceTree = "<group>";
		};
/* End PBXVariantGroup section */

/* Begin XCBuildConfiguration section */
		29ADC9A51DF554E40097F237 /* Debug */ = {
			isa = XCBuildConfiguration;
			buildSettings = {
				ALWAYS_SEARCH_USER_PATHS = NO;
				CLANG_ANALYZER_NONNULL = YES;
				CLANG_CXX_LANGUAGE_STANDARD = "gnu++0x";
				CLANG_CXX_LIBRARY = "libc++";
				CLANG_ENABLE_MODULES = YES;
				CLANG_ENABLE_OBJC_ARC = YES;
				CLANG_WARN_BOOL_CONVERSION = YES;
				CLANG_WARN_CONSTANT_CONVERSION = YES;
				CLANG_WARN_DIRECT_OBJC_ISA_USAGE = YES_ERROR;
				CLANG_WARN_DOCUMENTATION_COMMENTS = YES;
				CLANG_WARN_EMPTY_BODY = YES;
				CLANG_WARN_ENUM_CONVERSION = YES;
				CLANG_WARN_INFINITE_RECURSION = YES;
				CLANG_WARN_INT_CONVERSION = YES;
				CLANG_WARN_OBJC_ROOT_CLASS = YES_ERROR;
				CLANG_WARN_SUSPICIOUS_MOVES = YES;
				CLANG_WARN_UNREACHABLE_CODE = YES;
				CLANG_WARN__DUPLICATE_METHOD_MATCH = YES;
				"CODE_SIGN_IDENTITY[sdk=iphoneos*]" = "iPhone Developer";
				COPY_PHASE_STRIP = NO;
				DEBUG_INFORMATION_FORMAT = dwarf;
				ENABLE_STRICT_OBJC_MSGSEND = YES;
				ENABLE_TESTABILITY = YES;
				GCC_C_LANGUAGE_STANDARD = gnu99;
				GCC_DYNAMIC_NO_PIC = NO;
				GCC_NO_COMMON_BLOCKS = YES;
				GCC_OPTIMIZATION_LEVEL = 0;
				GCC_PREPROCESSOR_DEFINITIONS = (
					"DEBUG=1",
					"$(inherited)",
				);
				GCC_WARN_64_TO_32_BIT_CONVERSION = YES;
				GCC_WARN_ABOUT_RETURN_TYPE = YES_ERROR;
				GCC_WARN_UNDECLARED_SELECTOR = YES;
				GCC_WARN_UNINITIALIZED_AUTOS = YES_AGGRESSIVE;
				GCC_WARN_UNUSED_FUNCTION = YES;
				GCC_WARN_UNUSED_VARIABLE = YES;
				IPHONEOS_DEPLOYMENT_TARGET = 10.1;
				MTL_ENABLE_DEBUG_INFO = YES;
				ONLY_ACTIVE_ARCH = YES;
				SDKROOT = iphoneos;
				SWIFT_ACTIVE_COMPILATION_CONDITIONS = DEBUG;
				SWIFT_OPTIMIZATION_LEVEL = "-Onone";
				TARGETED_DEVICE_FAMILY = "1,2";
			};
			name = Debug;
		};
		29ADC9A61DF554E40097F237 /* Release */ = {
			isa = XCBuildConfiguration;
			buildSettings = {
				ALWAYS_SEARCH_USER_PATHS = NO;
				CLANG_ANALYZER_NONNULL = YES;
				CLANG_CXX_LANGUAGE_STANDARD = "gnu++0x";
				CLANG_CXX_LIBRARY = "libc++";
				CLANG_ENABLE_MODULES = YES;
				CLANG_ENABLE_OBJC_ARC = YES;
				CLANG_WARN_BOOL_CONVERSION = YES;
				CLANG_WARN_CONSTANT_CONVERSION = YES;
				CLANG_WARN_DIRECT_OBJC_ISA_USAGE = YES_ERROR;
				CLANG_WARN_DOCUMENTATION_COMMENTS = YES;
				CLANG_WARN_EMPTY_BODY = YES;
				CLANG_WARN_ENUM_CONVERSION = YES;
				CLANG_WARN_INFINITE_RECURSION = YES;
				CLANG_WARN_INT_CONVERSION = YES;
				CLANG_WARN_OBJC_ROOT_CLASS = YES_ERROR;
				CLANG_WARN_SUSPICIOUS_MOVES = YES;
				CLANG_WARN_UNREACHABLE_CODE = YES;
				CLANG_WARN__DUPLICATE_METHOD_MATCH = YES;
				"CODE_SIGN_IDENTITY[sdk=iphoneos*]" = "iPhone Developer";
				COPY_PHASE_STRIP = NO;
				DEBUG_INFORMATION_FORMAT = "dwarf-with-dsym";
				ENABLE_NS_ASSERTIONS = NO;
				ENABLE_STRICT_OBJC_MSGSEND = YES;
				GCC_C_LANGUAGE_STANDARD = gnu99;
				GCC_NO_COMMON_BLOCKS = YES;
				GCC_WARN_64_TO_32_BIT_CONVERSION = YES;
				GCC_WARN_ABOUT_RETURN_TYPE = YES_ERROR;
				GCC_WARN_UNDECLARED_SELECTOR = YES;
				GCC_WARN_UNINITIALIZED_AUTOS = YES_AGGRESSIVE;
				GCC_WARN_UNUSED_FUNCTION = YES;
				GCC_WARN_UNUSED_VARIABLE = YES;
				IPHONEOS_DEPLOYMENT_TARGET = 10.1;
				MTL_ENABLE_DEBUG_INFO = NO;
				SDKROOT = iphoneos;
				SWIFT_OPTIMIZATION_LEVEL = "-Owholemodule";
				TARGETED_DEVICE_FAMILY = "1,2";
				VALIDATE_PRODUCT = YES;
			};
			name = Release;
		};
		29ADC9A81DF554E40097F237 /* Debug */ = {
			isa = XCBuildConfiguration;
			buildSettings = {
				ASSETCATALOG_COMPILER_APPICON_NAME = AppIcon;
				INFOPLIST_FILE = SwiftMarkStartDemo/Info.plist;
				LD_RUNPATH_SEARCH_PATHS = "$(inherited) @executable_path/Frameworks";
				PRODUCT_BUNDLE_IDENTIFIER = com.healthmanager.SwiftMarkStartDemo;
				PRODUCT_NAME = "$(TARGET_NAME)";
				SWIFT_VERSION = 3.0;
			};
			name = Debug;
		};
		29ADC9A91DF554E40097F237 /* Release */ = {
			isa = XCBuildConfiguration;
			buildSettings = {
				ASSETCATALOG_COMPILER_APPICON_NAME = AppIcon;
				INFOPLIST_FILE = SwiftMarkStartDemo/Info.plist;
				LD_RUNPATH_SEARCH_PATHS = "$(inherited) @executable_path/Frameworks";
				PRODUCT_BUNDLE_IDENTIFIER = com.healthmanager.SwiftMarkStartDemo;
				PRODUCT_NAME = "$(TARGET_NAME)";
				SWIFT_VERSION = 3.0;
			};
			name = Release;
		};
/* End XCBuildConfiguration section */

/* Begin XCConfigurationList section */
		29ADC9901DF554E40097F237 /* Build configuration list for PBXProject "SwiftMarkStartDemo" */ = {
			isa = XCConfigurationList;
			buildConfigurations = (
				29ADC9A51DF554E40097F237 /* Debug */,
				29ADC9A61DF554E40097F237 /* Release */,
			);
			defaultConfigurationIsVisible = 0;
			defaultConfigurationName = Release;
		};
		29ADC9A71DF554E40097F237 /* Build configuration list for PBXNativeTarget "SwiftMarkStartDemo" */ = {
			isa = XCConfigurationList;
			buildConfigurations = (
				29ADC9A81DF554E40097F237 /* Debug */,
				29ADC9A91DF554E40097F237 /* Release */,
			);
			defaultConfigurationIsVisible = 0;
		};
/* End XCConfigurationList section */
	};
	rootObject = 29ADC98D1DF554E40097F237 /* Project object */;
}
